
Microsoft Visual Studio Solution File, Format Version 12.00
# Visual Studio Version 16
VisualStudioVersion = 16.0.30406.217
MinimumVisualStudioVersion = 10.0.40219.1
Project("{FAE04EC0-301F-11D3-BF4B-00C04F79EFBC}") = "RemoteDatabaseConnection", "RemoteDatabaseConnection\RemoteDatabaseConnection.csproj", "{200C5F09-7607-4424-87DD-B77A0AA9E3EE}"
EndProject
Global
	GlobalSection(SolutionConfigurationPlatforms) = preSolution
		Debug|Any CPU = Debug|Any CPU
		Release|Any CPU = Release|Any CPU
	EndGlobalSection
	GlobalSection(ProjectConfigurationPlatforms) = postSolution
		{200C5F09-7607-4424-87DD-B77A0AA9E3EE}.Debug|Any CPU.ActiveCfg = Debug|Any CPU
		{200C5F09-7607-4424-87DD-B77A0AA9E3EE}.Debug|Any CPU.Build.0 = Debug|Any CPU
		{200C5F09-7607-4424-87DD-B77A0AA9E3EE}.Debug|Any CPU.Deploy.0 = Debug|Any CPU
		{200C5F09-7607-4424-87DD-B77A0AA9E3EE}.Release|Any CPU.ActiveCfg = Release|Any CPU
		{200C5F09-7607-4424-87DD-B77A0AA9E3EE}.Release|Any CPU.Build.0 = Release|Any CPU
		{200C5F09-7607-4424-87DD-B77A0AA9E3EE}.Release|Any CPU.Deploy.0 = Release|Any CPU
	EndGlobalSection
	GlobalSection(SolutionProperties) = preSolution
		HideSolutionNode = FALSE
	EndGlobalSection
	GlobalSection(ExtensibilityGlobals) = postSolution
		SolutionGuid = {BFE21286-7AD2-4E81-A8AA-E063E637CBB3}
	EndGlobalSection
EndGlobal
